
Microsoft Visual Studio Solution File, Format Version 12.00
# Visual Studio Version 17
VisualStudioVersion = 17.4.32804.182
MinimumVisualStudioVersion = 10.0.40219.1
Project("{9A19103F-16F7-4668-BE54-9A1E7A4F7556}") = "APIContagem", "APIContagem.csproj", "{36E2D806-0F17-4083-881A-AD62C3673E7F}"
EndProject
Global
	GlobalSection(SolutionConfigurationPlatforms) = preSolution
		Debug|Any CPU = Debug|Any CPU
		Release|Any CPU = Release|Any CPU
	EndGlobalSection
	GlobalSection(ProjectConfigurationPlatforms) = postSolution
		{36E2D806-0F17-4083-881A-AD62C3673E7F}.Debug|Any CPU.ActiveCfg = Debug|Any CPU
		{36E2D806-0F17-4083-881A-AD62C3673E7F}.Debug|Any CPU.Build.0 = Debug|Any CPU
		{36E2D806-0F17-4083-881A-AD62C3673E7F}.Release|Any CPU.ActiveCfg = Release|Any CPU
		{36E2D806-0F17-4083-881A-AD62C3673E7F}.Release|Any CPU.Build.0 = Release|Any CPU
	EndGlobalSection
	GlobalSection(SolutionProperties) = preSolution
		HideSolutionNode = FALSE
	EndGlobalSection
	GlobalSection(ExtensibilityGlobals) = postSolution
		SolutionGuid = {D74DFF82-F344-4E96-9AEE-FA62998A1B9E}
	EndGlobalSection
EndGlobal
